{
  "name": "graphql-apollo-vue-example",
  "version": "1.0.0",
  "lockfileVersion": 1,
  "requires": true,
  "dependencies": {
    "@types/async": {
      "version": "2.0.49",
      "resolved": "https://registry.npmjs.org/@types/async/-/async-2.0.49.tgz",
      "integrity": "sha512-Benr3i5odUkvpFkOpzGqrltGdbSs+EVCkEBGXbuR7uT0VzhXKIkhem6PDzHdx5EonA+rfbB3QvP6aDOw5+zp5Q==",
      "optional": true
    },
    "@types/graphql": {
      "version": "0.12.6",
      "resolved": "https://registry.npmjs.org/@types/graphql/-/graphql-0.12.6.tgz",
      "integrity": "sha512-wXAVyLfkG1UMkKOdMijVWFky39+OD/41KftzqfX1Oejd0Gm6dOIKjCihSVECg6X7PHjftxXmfOKA/d1H79ZfvQ=="
    },
    "@types/zen-observable": {
      "version": "0.8.0",
      "resolved": "https://registry.npmjs.org/@types/zen-observable/-/zen-observable-0.8.0.tgz",
      "integrity": "sha512-te5lMAWii1uEJ4FwLjzdlbw3+n0FZNOvFXHxQDKeT0dilh7HOzdMzV2TrJVUzq8ep7J4Na8OUYPRLSQkJHAlrg=="
    },
    "apollo-cache": {
      "version": "1.1.13",
      "resolved": "https://registry.npmjs.org/apollo-cache/-/apollo-cache-1.1.13.tgz",
      "integrity": "sha512-hkQESJLYFH7p6m3IfBV3JAPBtKcQjN+6ophh02qu5eKW7GuBFQpJbeVKTBTDc0FKulHsUw78HptqvVJxFtJOig==",
      "requires": {
        "apollo-utilities": "1.0.17"
      }
    },
    "apollo-cache-inmemory": {
      "version": "1.3.0-beta.6",
      "resolved": "https://registry.npmjs.org/apollo-cache-inmemory/-/apollo-cache-inmemory-1.3.0-beta.6.tgz",
      "integrity": "sha512-mKKn5iugSmqooPObAkikgwi56R/oK0Ik9gmyE1+GjyANbcMWiL1XHNNePpaAauW3w/XQmZDNdhGbG9j+juXx8g==",
      "requires": {
        "apollo-cache": "1.1.13",
        "apollo-utilities": "1.0.17",
        "optimism": "0.6.5"
      }
    },
    "apollo-client": {
      "version": "2.3.7",
      "resolved": "https://registry.npmjs.org/apollo-client/-/apollo-client-2.3.7.tgz",
      "integrity": "sha512-d9JMPS1UObBjc+wOXMvpQC/ZkR9ZtOAVuBftcdCjqDARWi7HywHP8TCT87Awf3p8iiSc3FEMYQns5cprzNShnA==",
      "requires": {
        "@types/async": "2.0.49",
        "@types/zen-observable": "0.8.0",
        "apollo-cache": "1.1.13",
        "apollo-link": "1.2.2",
        "apollo-link-dedup": "1.0.9",
        "apollo-utilities": "1.0.17",
        "symbol-observable": "1.2.0",
        "zen-observable": "0.8.9"
      }
    },
    "apollo-link": {
      "version": "1.2.2",
      "resolved": "https://registry.npmjs.org/apollo-link/-/apollo-link-1.2.2.tgz",
      "integrity": "sha512-Uk/BC09dm61DZRDSu52nGq0nFhq7mcBPTjy5EEH1eunJndtCaNXQhQz/BjkI2NdrfGI+B+i5he6YSoRBhYizdw==",
      "requires": {
        "@types/graphql": "0.12.6",
        "apollo-utilities": "1.0.17",
        "zen-observable-ts": "0.8.9"
      }
    },
    "apollo-link-context": {
      "version": "1.0.8",
      "resolved": "https://registry.npmjs.org/apollo-link-context/-/apollo-link-context-1.0.8.tgz",
      "integrity": "sha512-wgDwBbWqHblf7W0DD2b80kXLtSAfvbXnsxSrli0GuF77VwxjLChijiHinW5bjurzZvP8YRMNhitmrrF5ia7NsA==",
      "requires": {
        "apollo-link": "1.2.2"
      }
    },
    "apollo-link-dedup": {
      "version": "1.0.9",
      "resolved": "https://registry.npmjs.org/apollo-link-dedup/-/apollo-link-dedup-1.0.9.tgz",
      "integrity": "sha512-RbuEKpmSHVMtoREMPh2wUFTeh65q+0XPVeqgaOP/rGEAfvLyOMvX0vT2nVaejMohoMxuUnfZwpldXaDFWnlVbg==",
      "requires": {
        "apollo-link": "1.2.2"
      }
    },
    "apollo-link-http": {
      "version": "1.5.4",
      "resolved": "https://registry.npmjs.org/apollo-link-http/-/apollo-link-http-1.5.4.tgz",
      "integrity": "sha512-e9Ng3HfnW00Mh3TI6DhNRfozmzQOtKgdi+qUAsHBOEcTP0PTAmb+9XpeyEEOueLyO0GXhB92HUCIhzrWMXgwyg==",
      "requires": {
        "apollo-link": "1.2.2",
        "apollo-link-http-common": "0.2.4"
      }
    },
    "apollo-link-http-common": {
      "version": "0.2.4",
      "resolved": "https://registry.npmjs.org/apollo-link-http-common/-/apollo-link-http-common-0.2.4.tgz",
      "integrity": "sha512-4j6o6WoXuSPen9xh4NBaX8/vL98X1xY2cYzUEK1F8SzvHe2oFONfxJBTekwU8hnvapcuq8Qh9Uct+gelu8T10g==",
      "requires": {
        "apollo-link": "1.2.2"
      }
    },
    "apollo-utilities": {
      "version": "1.0.17",
      "resolved": "https://registry.npmjs.org/apollo-utilities/-/apollo-utilities-1.0.17.tgz",
      "integrity": "sha512-Mm8pS48QVV/CUbcUFN5TmbkdjIJtYw99qVqbBHnIwL8x0H2RW0NpzASpC+5+qSxD1sKNLUl9pA6F5Et/0bbaVg==",
      "requires": {
        "fast-json-stable-stringify": "2.0.0"
      }
    },
    "fast-json-stable-stringify": {
      "version": "2.0.0",
      "resolved": "https://registry.npmjs.org/fast-json-stable-stringify/-/fast-json-stable-stringify-2.0.0.tgz",
      "integrity": "sha1-1RQsDK7msRifh9OnYREGT4bIu/I="
    },
    "graphql": {
      "version": "0.13.2",
      "resolved": "https://registry.npmjs.org/graphql/-/graphql-0.13.2.tgz",
      "integrity": "sha512-QZ5BL8ZO/B20VA8APauGBg3GyEgZ19eduvpLWoq5x7gMmWnHoy8rlQWPLmWgFvo1yNgjSEFMesmS4R6pPr7xog==",
      "requires": {
        "iterall": "1.2.2"
      }
    },
    "graphql-tag": {
      "version": "2.9.2",
      "resolved": "https://registry.npmjs.org/graphql-tag/-/graphql-tag-2.9.2.tgz",
      "integrity": "sha512-qnNmof9pAqj/LUzs3lStP0Gw1qhdVCUS7Ab7+SUB6KD5aX1uqxWQRwMnOGTkhKuLvLNIs1TvNz+iS9kUGl1MhA=="
    },
    "immutable-tuple": {
      "version": "0.4.4",
      "resolved": "https://registry.npmjs.org/immutable-tuple/-/immutable-tuple-0.4.4.tgz",
      "integrity": "sha512-nJQ1HbFPgCLHMsO3Y9f55hV9z7RSloQF3PkkmKF70OxvgPT6Tz+EgY+4k64LusutkmOOlM9FGDwz2ow3CDvZCA=="
    },
    "iterall": {
      "version": "1.2.2",
      "resolved": "https://registry.npmjs.org/iterall/-/iterall-1.2.2.tgz",
      "integrity": "sha512-yynBb1g+RFUPY64fTrFv7nsjRrENBQJaX2UL+2Szc9REFrSNm1rpSXHGzhmAy7a9uv3vlvgBlXnf9RqmPH1/DA=="
    },
    "lodash.debounce": {
      "version": "4.0.8",
      "resolved": "https://registry.npmjs.org/lodash.debounce/-/lodash.debounce-4.0.8.tgz",
      "integrity": "sha1-gteb/zCmfEAF/9XiUVMArZyk168="
    },
    "lodash.omit": {
      "version": "4.5.0",
      "resolved": "https://registry.npmjs.org/lodash.omit/-/lodash.omit-4.5.0.tgz",
      "integrity": "sha1-brGa5aHuHdnfC5aeZs4Lf6MLXmA="
    },
    "lodash.throttle": {
      "version": "4.1.1",
      "resolved": "https://registry.npmjs.org/lodash.throttle/-/lodash.throttle-4.1.1.tgz",
      "integrity": "sha1-wj6RtxAkKscMN/HhzaknTMOb8vQ="
    },
    "optimism": {
      "version": "0.6.5",
      "resolved": "https://registry.npmjs.org/optimism/-/optimism-0.6.5.tgz",
      "integrity": "sha512-14W9x4Wg5MWGLuZBexivSTimBHNym5b7OQW01qG/Uj+BJObCCRRPDkodVQ9/1LJaceqe9GJjTxwNnEa1VSDJJg==",
      "requires": {
        "immutable-tuple": "0.4.4"
      }
    },
    "symbol-observable": {
      "version": "1.2.0",
      "resolved": "https://registry.npmjs.org/symbol-observable/-/symbol-observable-1.2.0.tgz",
      "integrity": "sha512-e900nM8RRtGhlV36KGEU9k65K3mPb1WV70OdjfxlG2EAuM1noi/E/BaW/uMhL7bPEssK8QV57vN3esixjUvcXQ=="
    },
    "vue-apollo": {
      "version": "3.0.0-alpha.3",
      "resolved": "https://registry.npmjs.org/vue-apollo/-/vue-apollo-3.0.0-alpha.3.tgz",
      "integrity": "sha512-jYpzPgFraJirykH44q9qCqhL0rukPXnH2lfbdw1uQR+R9/uOrwB6cy1qXyX8B0geb3XjZCY1KEPG8LJKe4JNBg==",
      "requires": {
        "lodash.debounce": "4.0.8",
        "lodash.omit": "4.5.0",
        "lodash.throttle": "4.1.1"
      }
    },
    "zen-observable": {
      "version": "0.8.9",
      "resolved": "https://registry.npmjs.org/zen-observable/-/zen-observable-0.8.9.tgz",
      "integrity": "sha512-Y9kPzjGvIZ5jchSlqlCpBW3I82zBBL4z+ulXDRVA1NwsKzjt5kwAi+gOYIy0htNkfuehGZZtP5mRXHRV6TjDWw=="
    },
    "zen-observable-ts": {
      "version": "0.8.9",
      "resolved": "https://registry.npmjs.org/zen-observable-ts/-/zen-observable-ts-0.8.9.tgz",
      "integrity": "sha512-KJz2O8FxbAdAU5CSc8qZ1K2WYEJb1HxS6XDRF+hOJ1rOYcg6eTMmS9xYHCXzqZZzKw6BbXWyF4UpwSsBQnHJeA==",
      "requires": {
        "zen-observable": "0.8.9"
      }
    }
  }
}
